
Microsoft Visual Studio Solution File, Format Version 12.00
# Visual Studio Version 16
VisualStudioVersion = 16.0.31205.134
MinimumVisualStudioVersion = 10.0.40219.1
Project("{FAE04EC0-301F-11D3-BF4B-00C04F79EFBC}") = "ASUSInfoTool", "ASUSInfoTool\ASUSInfoTool.csproj", "{BC1B1B6A-7EBD-4B99-AFB9-45988850CFD3}"
EndProject
Global
	GlobalSection(SolutionConfigurationPlatforms) = preSolution
		Debug|Any CPU = Debug|Any CPU
		Release|Any CPU = Release|Any CPU
	EndGlobalSection
	GlobalSection(ProjectConfigurationPlatforms) = postSolution
		{BC1B1B6A-7EBD-4B99-AFB9-45988850CFD3}.Debug|Any CPU.ActiveCfg = Debug|Any CPU
		{BC1B1B6A-7EBD-4B99-AFB9-45988850CFD3}.Debug|Any CPU.Build.0 = Debug|Any CPU
		{BC1B1B6A-7EBD-4B99-AFB9-45988850CFD3}.Release|Any CPU.ActiveCfg = Release|Any CPU
		{BC1B1B6A-7EBD-4B99-AFB9-45988850CFD3}.Release|Any CPU.Build.0 = Release|Any CPU
	EndGlobalSection
	GlobalSection(SolutionProperties) = preSolution
		HideSolutionNode = FALSE
	EndGlobalSection
	GlobalSection(ExtensibilityGlobals) = postSolution
		SolutionGuid = {DC7419F7-655A-4998-BDB7-E8212BF94579}
	EndGlobalSection
EndGlobal
